
Microsoft Visual Studio Solution File, Format Version 12.00
# Visual Studio Version 17
VisualStudioVersion = 17.0.31919.166
MinimumVisualStudioVersion = 10.0.40219.1
Project("{8BC9CEB8-8B4A-11D0-8D11-00A0C91BC942}") = "AandSD_lab3_sem2", "AandSD_lab3_sem2\AandSD_lab3_sem2.vcxproj", "{16BC0A0C-CDA7-4B31-A5C7-2DE79E486791}"
EndProject
Global
	GlobalSection(SolutionConfigurationPlatforms) = preSolution
		Debug|x64 = Debug|x64
		Debug|x86 = Debug|x86
		Release|x64 = Release|x64
		Release|x86 = Release|x86
	EndGlobalSection
	GlobalSection(ProjectConfigurationPlatforms) = postSolution
		{16BC0A0C-CDA7-4B31-A5C7-2DE79E486791}.Debug|x64.ActiveCfg = Debug|x64
		{16BC0A0C-CDA7-4B31-A5C7-2DE79E486791}.Debug|x64.Build.0 = Debug|x64
		{16BC0A0C-CDA7-4B31-A5C7-2DE79E486791}.Debug|x86.ActiveCfg = Debug|Win32
		{16BC0A0C-CDA7-4B31-A5C7-2DE79E486791}.Debug|x86.Build.0 = Debug|Win32
		{16BC0A0C-CDA7-4B31-A5C7-2DE79E486791}.Release|x64.ActiveCfg = Release|x64
		{16BC0A0C-CDA7-4B31-A5C7-2DE79E486791}.Release|x64.Build.0 = Release|x64
		{16BC0A0C-CDA7-4B31-A5C7-2DE79E486791}.Release|x86.ActiveCfg = Release|Win32
		{16BC0A0C-CDA7-4B31-A5C7-2DE79E486791}.Release|x86.Build.0 = Release|Win32
	EndGlobalSection
	GlobalSection(SolutionProperties) = preSolution
		HideSolutionNode = FALSE
	EndGlobalSection
	GlobalSection(ExtensibilityGlobals) = postSolution
		SolutionGuid = {447C71C5-00CC-48DE-9306-A7A2606DB331}
	EndGlobalSection
EndGlobal
